
Microsoft Visual Studio Solution File, Format Version 12.00
# Visual Studio Version 16
VisualStudioVersion = 16.0.30711.63
MinimumVisualStudioVersion = 10.0.40219.1
Project("{9A19103F-16F7-4668-BE54-9A1E7A4F7556}") = "FitnessTracker", "FitnessTracker\FitnessTracker.csproj", "{DC3D0988-00DE-4212-BAC9-78533B874FBB}"
EndProject
Project("{FAE04EC0-301F-11D3-BF4B-00C04F79EFBC}") = "FitnessTrackerTests", "FitnessTrackerTests\FitnessTrackerTests.csproj", "{6C072685-5516-4F77-9A7B-D1FEA519BD5E}"
EndProject
Global
	GlobalSection(SolutionConfigurationPlatforms) = preSolution
		Debug|Any CPU = Debug|Any CPU
		Release|Any CPU = Release|Any CPU
	EndGlobalSection
	GlobalSection(ProjectConfigurationPlatforms) = postSolution
		{DC3D0988-00DE-4212-BAC9-78533B874FBB}.Debug|Any CPU.ActiveCfg = Debug|Any CPU
		{DC3D0988-00DE-4212-BAC9-78533B874FBB}.Debug|Any CPU.Build.0 = Debug|Any CPU
		{DC3D0988-00DE-4212-BAC9-78533B874FBB}.Release|Any CPU.ActiveCfg = Release|Any CPU
		{DC3D0988-00DE-4212-BAC9-78533B874FBB}.Release|Any CPU.Build.0 = Release|Any CPU
		{6C072685-5516-4F77-9A7B-D1FEA519BD5E}.Debug|Any CPU.ActiveCfg = Debug|Any CPU
		{6C072685-5516-4F77-9A7B-D1FEA519BD5E}.Debug|Any CPU.Build.0 = Debug|Any CPU
		{6C072685-5516-4F77-9A7B-D1FEA519BD5E}.Release|Any CPU.ActiveCfg = Release|Any CPU
		{6C072685-5516-4F77-9A7B-D1FEA519BD5E}.Release|Any CPU.Build.0 = Release|Any CPU
	EndGlobalSection
	GlobalSection(SolutionProperties) = preSolution
		HideSolutionNode = FALSE
	EndGlobalSection
	GlobalSection(ExtensibilityGlobals) = postSolution
		SolutionGuid = {E9AAF417-53A7-4159-B84A-F8003179F8FB}
	EndGlobalSection
EndGlobal
